
Microsoft Visual Studio Solution File, Format Version 12.00
# Visual Studio 15
VisualStudioVersion = 15.0.28307.572
MinimumVisualStudioVersion = 10.0.40219.1
Project("{FAE04EC0-301F-11D3-BF4B-00C04F79EFBC}") = "WPF_menu_test", "WPF_menu_test\WPF_menu_test.csproj", "{29EF0CF5-D000-4D5E-9225-394BB5109EE3}"
EndProject
Global
	GlobalSection(SolutionConfigurationPlatforms) = preSolution
		Debug|Any CPU = Debug|Any CPU
		Release|Any CPU = Release|Any CPU
	EndGlobalSection
	GlobalSection(ProjectConfigurationPlatforms) = postSolution
		{29EF0CF5-D000-4D5E-9225-394BB5109EE3}.Debug|Any CPU.ActiveCfg = Debug|Any CPU
		{29EF0CF5-D000-4D5E-9225-394BB5109EE3}.Debug|Any CPU.Build.0 = Debug|Any CPU
		{29EF0CF5-D000-4D5E-9225-394BB5109EE3}.Release|Any CPU.ActiveCfg = Release|Any CPU
		{29EF0CF5-D000-4D5E-9225-394BB5109EE3}.Release|Any CPU.Build.0 = Release|Any CPU
	EndGlobalSection
	GlobalSection(SolutionProperties) = preSolution
		HideSolutionNode = FALSE
	EndGlobalSection
	GlobalSection(ExtensibilityGlobals) = postSolution
		SolutionGuid = {B1446B28-6098-44AB-9BD2-D88466ED1352}
	EndGlobalSection
EndGlobal
